Microsoft Visual Studio Solution File, Format Version 12.00
# Visual Studio Version 17
VisualStudioVersion = 17.1.32127.271
MinimumVisualStudioVersion = 10.0.40219.1
Project("{9A19103F-16F7-4668-BE54-9A1E7A4F7556}") = "Microsoft.AspNetCore.SystemWebAdapters", "src\Microsoft.AspNetCore.SystemWebAdapters\Microsoft.AspNetCore.SystemWebAdapters.csproj", "{55C1BBE0-B922-46B0-8F2C-8472BC9A5F33}"
EndProject
Project("{9A19103F-16F7-4668-BE54-9A1E7A4F7556}") = "Microsoft.AspNetCore.SystemWebAdapters.Tests", "test\Microsoft.AspNetCore.SystemWebAdapters.Tests\Microsoft.AspNetCore.SystemWebAdapters.Tests.csproj", "{DA28CCAB-3C88-46F1-B779-43C573ED49E5}"
EndProject
Project("{2150E333-8FDC-42A3-9474-1A3956D46DE8}") = "samples", "samples", "{95915611-30BF-4AFF-AE41-5CDC6F57DCF7}"
	ProjectSection(SolutionItems) = preProject
		samples\Directory.Build.props = samples\Directory.Build.props
		samples\Directory.Build.targets = samples\Directory.Build.targets
		samples\Directory.Packages.props = samples\Directory.Packages.props
		samples\README.md = samples\README.md
	EndProjectSection
EndProject
Project("{2150E333-8FDC-42A3-9474-1A3956D46DE8}") = "Solution Items", "Solution Items", "{67BB2CCD-5EF4-4A0C-8272-C7219A3B02D2}"
	ProjectSection(SolutionItems) = preProject
		.editorconfig = .editorconfig
		Directory.Build.props = Directory.Build.props
		Directory.Build.targets = Directory.Build.targets
		global.json = global.json
		NuGet.config = NuGet.config
		README.md = README.md
	EndProjectSection
EndProject
Project("{2150E333-8FDC-42A3-9474-1A3956D46DE8}") = "src", "src", "{F9DB9323-C919-49E8-8F96-B923D2F42E60}"
	ProjectSection(SolutionItems) = preProject
		src\Directory.Build.props = src\Directory.Build.props
		src\Directory.Build.targets = src\Directory.Build.targets
		src\Directory.Packages.props = src\Directory.Packages.props
	EndProjectSection
EndProject
Project("{2150E333-8FDC-42A3-9474-1A3956D46DE8}") = "test", "test", "{A1BDA50C-D70B-416C-97F1-74B0649797C5}"
	ProjectSection(SolutionItems) = preProject
		test\Directory.Build.props = test\Directory.Build.props
		test\Directory.Build.targets = test\Directory.Build.targets
		test\Directory.Packages.props = test\Directory.Packages.props
	EndProjectSection
EndProject
Project("{9A19103F-16F7-4668-BE54-9A1E7A4F7556}") = "Microsoft.AspNetCore.SystemWebAdapters.FrameworkServices.Tests", "test\Microsoft.AspNetCore.SystemWebAdapters.FrameworkServices.Tests\Microsoft.AspNetCore.SystemWebAdapters.FrameworkServices.Tests.csproj", "{23036CE4-A4D7-4A42-868A-1FB5211A41F0}"
EndProject
Project("{9A19103F-16F7-4668-BE54-9A1E7A4F7556}") = "Microsoft.AspNetCore.SystemWebAdapters.CoreServices", "src\Microsoft.AspNetCore.SystemWebAdapters.CoreServices\Microsoft.AspNetCore.SystemWebAdapters.CoreServices.csproj", "{A01BA50E-E4C8-4EEA-A4E2-C2312BC6B02E}"
EndProject
Project("{9A19103F-16F7-4668-BE54-9A1E7A4F7556}") = "Microsoft.AspNetCore.SystemWebAdapters.CoreServices.Tests", "test\Microsoft.AspNetCore.SystemWebAdapters.CoreServices.Tests\Microsoft.AspNetCore.SystemWebAdapters.CoreServices.Tests.csproj", "{26FC1002-759D-4086-A694-DA15927B6BA0}"
EndProject
Project("{9A19103F-16F7-4668-BE54-9A1E7A4F7556}") = "Microsoft.AspNetCore.SystemWebAdapters.FrameworkServices", "src\Microsoft.AspNetCore.SystemWebAdapters.FrameworkServices\Microsoft.AspNetCore.SystemWebAdapters.FrameworkServices.csproj", "{6931FEFB-DC18-4B3F-8AFC-EDA03063A518}"
EndProject
Project("{9A19103F-16F7-4668-BE54-9A1E7A4F7556}") = "Microsoft.AspNetCore.SystemWebAdapters.Abstractions", "src\Microsoft.AspNetCore.SystemWebAdapters.Abstractions\Microsoft.AspNetCore.SystemWebAdapters.Abstractions.csproj", "{632E6195-4304-4C67-AABB-7CFC3F9086B6}"
EndProject
Project("{2150E333-8FDC-42A3-9474-1A3956D46DE8}") = "WebFormsToBlazor", "WebFormsToBlazor", "{3A71E8B4-7E40-4326-B5FC-0CFA30A388D1}"
EndProject
Project("{2150E333-8FDC-42A3-9474-1A3956D46DE8}") = "Modules", "Modules", "{4ED7A31C-8DBE-4A32-A17A-D72794F9FE2C}"
EndProject
Project("{9A19103F-16F7-4668-BE54-9A1E7A4F7556}") = "ModulesLibrary", "samples\Modules\ModulesLibrary\ModulesLibrary.csproj", "{5597A485-4D9B-4CE6-A489-DEBE9338450F}"
EndProject
Project("{9A19103F-16F7-4668-BE54-9A1E7A4F7556}") = "ModulesFramework", "samples\Modules\ModulesFramework\ModulesFramework.csproj", "{B262AD69-11F0-4AE0-949A-AEAA2300C061}"
EndProject
Project("{9A19103F-16F7-4668-BE54-9A1E7A4F7556}") = "ModulesCore", "samples\Modules\ModulesCore\ModulesCore.csproj", "{F8B33C59-27CF-45DC-955C-2EBF9DA9DB7E}"
EndProject
Project("{2150E333-8FDC-42A3-9474-1A3956D46DE8}") = "MachineKey", "MachineKey", "{03E4CEAB-D845-402A-9311-F7390B24BA2A}"
EndProject
Project("{9A19103F-16F7-4668-BE54-9A1E7A4F7556}") = "MachineKeyShared", "samples\MachineKey\MachineKeyShared\MachineKeyShared.csproj", "{E97B37F2-F0CE-4718-96FA-83D9587D9C8F}"
EndProject
Project("{9A19103F-16F7-4668-BE54-9A1E7A4F7556}") = "MachineKeyCore", "samples\MachineKey\MachineKeyCore\MachineKeyCore.csproj", "{6C83077B-AF80-44BC-BA9F-D1E3264F321C}"
EndProject
Project("{9A19103F-16F7-4668-BE54-9A1E7A4F7556}") = "MachineKeyFramework", "samples\MachineKey\MachineKeyFramework\MachineKeyFramework.csproj", "{FA39AC22-0725-4532-A682-B054ADA5BDA2}"
EndProject
Project("{9A19103F-16F7-4668-BE54-9A1E7A4F7556}") = "Microsoft.AspNetCore.SystemWebAdapters.NuGet.Tests", "test\Microsoft.AspNetCore.SystemWebAdapters.NuGet.Tests\Microsoft.AspNetCore.SystemWebAdapters.NuGet.Tests.csproj", "{17055F45-E79A-41EF-825E-0B2211433729}"
EndProject
Project("{9A19103F-16F7-4668-BE54-9A1E7A4F7556}") = "Microsoft.AspNetCore.SystemWebAdapters.Apis.Tests", "test\Microsoft.AspNetCore.SystemWebAdapters.Apis.Tests\Microsoft.AspNetCore.SystemWebAdapters.Apis.Tests.csproj", "{E4D9A131-DC4E-403F-A10F-65F5E5E42475}"
EndProject
Project("{FAE04EC0-301F-11D3-BF4B-00C04F79EFBC}") = "Microsoft.AspNetCore.SystemWebAdapters.E2E.Tests", "test\Microsoft.AspNetCore.SystemWebAdapters.E2E.Tests\Microsoft.AspNetCore.SystemWebAdapters.E2E.Tests.csproj", "{DFA4172D-7457-A613-E1D1-637955249FDF}"
EndProject
Project("{FAE04EC0-301F-11D3-BF4B-00C04F79EFBC}") = "MachineKeyAppHost", "samples\MachineKey\MachineKeyAppHost\MachineKeyAppHost.csproj", "{4FDC313D-1CF6-B330-3340-D3A2A4B729CE}"
EndProject
Project("{FAE04EC0-301F-11D3-BF4B-00C04F79EFBC}") = "ModulesAppHost", "samples\Modules\ModulesAppHost\ModulesAppHost.csproj", "{732062E0-EDD3-3CFC-1BA1-A10FA40D2622}"
EndProject
Project("{2150E333-8FDC-42A3-9474-1A3956D46DE8}") = "AuthRemoteFormsAuth", "AuthRemoteFormsAuth", "{02EA681E-C7D8-13C7-8484-4AC65E1B71E8}"
EndProject
Project("{FAE04EC0-301F-11D3-BF4B-00C04F79EFBC}") = "AuthRemoteFormsAuthFramework", "samples\AuthRemoteFormsAuth\AuthRemoteFormsAuthFramework\AuthRemoteFormsAuthFramework.csproj", "{5715184D-1300-3618-330F-0E22ED7B1ADA}"
EndProject
Project("{FAE04EC0-301F-11D3-BF4B-00C04F79EFBC}") = "AuthRemoteFormsAuthCore", "samples\AuthRemoteFormsAuth\AuthRemoteFormsAuthCore\AuthRemoteFormsAuthCore.csproj", "{D3C37DE2-4669-7ECB-A0BD-822CC36A603F}"
EndProject
Project("{FAE04EC0-301F-11D3-BF4B-00C04F79EFBC}") = "AuthRemoteFormsAuthAppHost", "samples\AuthRemoteFormsAuth\AuthRemoteFormsAuthAppHost\AuthRemoteFormsAuthAppHost.csproj", "{9CEBB587-18F1-D50F-52CB-2D9C879D0A89}"
EndProject
Project("{2150E333-8FDC-42A3-9474-1A3956D46DE8}") = "AuthRemoteIdentity", "AuthRemoteIdentity", "{BF9F500C-F164-42B1-B593-2629E82F5B7D}"
EndProject
Project("{FAE04EC0-301F-11D3-BF4B-00C04F79EFBC}") = "AuthRemoteIdentityCore", "samples\AuthRemoteIdentity\AuthRemoteIdentityCore\AuthRemoteIdentityCore.csproj", "{3765973D-97FF-B362-2867-ABE8473A7187}"
EndProject
Project("{FAE04EC0-301F-11D3-BF4B-00C04F79EFBC}") = "AuthRemoteIdentityFramework", "samples\AuthRemoteIdentity\AuthRemoteIdentityFramework\AuthRemoteIdentityFramework.csproj", "{86814300-B764-EB1D-C84D-ADAEF46AE2D6}"
EndProject
Project("{FAE04EC0-301F-11D3-BF4B-00C04F79EFBC}") = "AuthRemoteIdentityAppHost", "samples\AuthRemoteIdentity\AuthRemoteIdentityAppHost\AuthRemoteIdentityAppHost.csproj", "{C933B132-CA96-B90E-C0C4-4E66251997D4}"
EndProject
Project("{FAE04EC0-301F-11D3-BF4B-00C04F79EFBC}") = "WebFormsToBlazorCore", "samples\WebFormsToBlazor\WebFormsToBlazorCore\WebFormsToBlazorCore.csproj", "{1BAA2EA3-D65E-9A62-83DA-2F5A7CBC377A}"
EndProject
Project("{FAE04EC0-301F-11D3-BF4B-00C04F79EFBC}") = "WebFormsToBlazorAppHost", "samples\WebFormsToBlazor\WebFormsToBlazorAppHost\WebFormsToBlazorAppHost.csproj", "{3D9D340C-E529-03EC-30B6-2BE0E5C59B5C}"
EndProject
Project("{FAE04EC0-301F-11D3-BF4B-00C04F79EFBC}") = "WebFormsToBlazorFramework", "samples\WebFormsToBlazor\WebFormsToBlazorFramework\WebFormsToBlazorFramework.csproj", "{66762DAD-7371-5788-D93C-15E0C38463AC}"
EndProject
Project("{2150E333-8FDC-42A3-9474-1A3956D46DE8}") = "SessionRemote", "SessionRemote", "{87516E0D-8F1C-4788-AEBD-65A98775CF8F}"
EndProject
Project("{FAE04EC0-301F-11D3-BF4B-00C04F79EFBC}") = "SessionRemoteFramework", "samples\SessionRemote\SessionRemoteFramework\SessionRemoteFramework.csproj", "{40CD644D-3035-EC55-1DC4-D27A21AF979E}"
EndProject
Project("{FAE04EC0-301F-11D3-BF4B-00C04F79EFBC}") = "SessionRemoteCore", "samples\SessionRemote\SessionRemoteCore\SessionRemoteCore.csproj", "{F44780F7-551C-E783-2931-EE3C3B5B380D}"
EndProject
Project("{FAE04EC0-301F-11D3-BF4B-00C04F79EFBC}") = "SessionRemoteAppHost", "samples\SessionRemote\SessionRemoteAppHost\SessionRemoteAppHost.csproj", "{6C3B0EEA-CDD2-D218-9767-4A5E923F295A}"
EndProject
Project("{2150E333-8FDC-42A3-9474-1A3956D46DE8}") = "AuthWindows", "AuthWindows", "{AC29CA1D-A850-4C29-B27D-C23BAF3D664C}"
EndProject
Project("{FAE04EC0-301F-11D3-BF4B-00C04F79EFBC}") = "AuthWindowsCore", "samples\AuthWindows\AuthWindowsCore\AuthWindowsCore.csproj", "{64B09008-C9CB-BAEC-2AE1-616E6BE9880B}"
EndProject
Project("{FAE04EC0-301F-11D3-BF4B-00C04F79EFBC}") = "Samples.ServiceDefaults", "samples\ServiceDefaults\Samples.ServiceDefaults.csproj", "{D08809BC-D4C3-F7C8-1C00-151CA8C6E504}"
EndProject
Project("{FAE04EC0-301F-11D3-BF4B-00C04F79EFBC}") = "Aspire.Hosting.IncrementalMigration", "src\Aspire.Hosting.IncrementalMigration\Aspire.Hosting.IncrementalMigration.csproj", "{0D10989D-058E-5684-7828-C5A12A0DC0C2}"
EndProject
Project("{FAE04EC0-301F-11D3-BF4B-00C04F79EFBC}") = "Aspire.Microsoft.AspNetCore.SystemWebAdapters", "src\Aspire.Microsoft.AspNetCore.SystemWebAdapters\Aspire.Microsoft.AspNetCore.SystemWebAdapters.csproj", "{B955861A-DDDE-0D3F-B0AC-3D6CAA95A0A5}"
EndProject
Project("{2150E333-8FDC-42A3-9474-1A3956D46DE8}") = "AppConfig", "AppConfig", "{012BEA62-0FF1-472E-AD5F-0D2029336701}"
EndProject
Project("{FAE04EC0-301F-11D3-BF4B-00C04F79EFBC}") = "AppConfigAppHost", "samples\AppConfig\AppConfigAppHost\AppConfigAppHost.csproj", "{16A9239C-ADC1-B9FA-8C50-081E2A420B5B}"
EndProject
Project("{FAE04EC0-301F-11D3-BF4B-00C04F79EFBC}") = "AppConfigFramework", "samples\AppConfig\AppConfigFramework\AppConfigFramework.csproj", "{90FE21BE-F292-A973-D281-9D4DC81CEB6F}"
EndProject
Project("{FAE04EC0-301F-11D3-BF4B-00C04F79EFBC}") = "AppConfigCore", "samples\AppConfig\AppConfigCore\AppConfigCore.csproj", "{6ECA1F1C-214B-BB97-27D7-319C7F1AD90F}"
EndProject
Project("{FAE04EC0-301F-11D3-BF4B-00C04F79EFBC}") = "Microsoft.AspNetCore.SystemWebAdapters.Analyzers", "src\Microsoft.AspNetCore.SystemWebAdapters.Analyzers\Microsoft.AspNetCore.SystemWebAdapters.Analyzers.csproj", "{7A244BE9-B12E-424F-A1F1-E386C43BF0A9}"
EndProject
Project("{FAE04EC0-301F-11D3-BF4B-00C04F79EFBC}") = "Microsoft.AspNetCore.SystemWebAdapters.Analyzers.CSharp", "src\Microsoft.AspNetCore.SystemWebAdapters.Analyzers.CSharp\Microsoft.AspNetCore.SystemWebAdapters.Analyzers.CSharp.csproj", "{904FF6F2-0322-9B85-7FBA-C512196D72C2}"
EndProject
Project("{FAE04EC0-301F-11D3-BF4B-00C04F79EFBC}") = "Microsoft.AspNetCore.SystemWebAdapters.Analyzers.Package", "src\Microsoft.AspNetCore.SystemWebAdapters.Analyzers.Package\Microsoft.AspNetCore.SystemWebAdapters.Analyzers.Package.csproj", "{C46D1D06-58B3-4414-B128-82E728F3A264}"
EndProject
Global
	GlobalSection(SolutionConfigurationPlatforms) = preSolution
		Debug|Any CPU = Debug|Any CPU
		Release|Any CPU = Release|Any CPU
	EndGlobalSection
	GlobalSection(ProjectConfigurationPlatforms) = postSolution
		{55C1BBE0-B922-46B0-8F2C-8472BC9A5F33}.Debug|Any CPU.ActiveCfg = Debug|Any CPU
		{55C1BBE0-B922-46B0-8F2C-8472BC9A5F33}.Debug|Any CPU.Build.0 = Debug|Any CPU
		{55C1BBE0-B922-46B0-8F2C-8472BC9A5F33}.Release|Any CPU.ActiveCfg = Release|Any CPU
		{55C1BBE0-B922-46B0-8F2C-8472BC9A5F33}.Release|Any CPU.Build.0 = Release|Any CPU
		{DA28CCAB-3C88-46F1-B779-43C573ED49E5}.Debug|Any CPU.ActiveCfg = Debug|Any CPU
		{DA28CCAB-3C88-46F1-B779-43C573ED49E5}.Debug|Any CPU.Build.0 = Debug|Any CPU
		{DA28CCAB-3C88-46F1-B779-43C573ED49E5}.Release|Any CPU.ActiveCfg = Release|Any CPU
		{DA28CCAB-3C88-46F1-B779-43C573ED49E5}.Release|Any CPU.Build.0 = Release|Any CPU
		{23036CE4-A4D7-4A42-868A-1FB5211A41F0}.Debug|Any CPU.ActiveCfg = Debug|Any CPU
		{23036CE4-A4D7-4A42-868A-1FB5211A41F0}.Debug|Any CPU.Build.0 = Debug|Any CPU
		{23036CE4-A4D7-4A42-868A-1FB5211A41F0}.Release|Any CPU.ActiveCfg = Release|Any CPU
		{23036CE4-A4D7-4A42-868A-1FB5211A41F0}.Release|Any CPU.Build.0 = Release|Any CPU
		{A01BA50E-E4C8-4EEA-A4E2-C2312BC6B02E}.Debug|Any CPU.ActiveCfg = Debug|Any CPU
		{A01BA50E-E4C8-4EEA-A4E2-C2312BC6B02E}.Debug|Any CPU.Build.0 = Debug|Any CPU
		{A01BA50E-E4C8-4EEA-A4E2-C2312BC6B02E}.Release|Any CPU.ActiveCfg = Release|Any CPU
		{A01BA50E-E4C8-4EEA-A4E2-C2312BC6B02E}.Release|Any CPU.Build.0 = Release|Any CPU
		{26FC1002-759D-4086-A694-DA15927B6BA0}.Debug|Any CPU.ActiveCfg = Debug|Any CPU
		{26FC1002-759D-4086-A694-DA15927B6BA0}.Debug|Any CPU.Build.0 = Debug|Any CPU
		{26FC1002-759D-4086-A694-DA15927B6BA0}.Release|Any CPU.ActiveCfg = Release|Any CPU
		{26FC1002-759D-4086-A694-DA15927B6BA0}.Release|Any CPU.Build.0 = Release|Any CPU
		{6931FEFB-DC18-4B3F-8AFC-EDA03063A518}.Debug|Any CPU.ActiveCfg = Debug|Any CPU
		{6931FEFB-DC18-4B3F-8AFC-EDA03063A518}.Debug|Any CPU.Build.0 = Debug|Any CPU
		{6931FEFB-DC18-4B3F-8AFC-EDA03063A518}.Release|Any CPU.ActiveCfg = Release|Any CPU
		{6931FEFB-DC18-4B3F-8AFC-EDA03063A518}.Release|Any CPU.Build.0 = Release|Any CPU
		{632E6195-4304-4C67-AABB-7CFC3F9086B6}.Debug|Any CPU.ActiveCfg = Debug|Any CPU
		{632E6195-4304-4C67-AABB-7CFC3F9086B6}.Debug|Any CPU.Build.0 = Debug|Any CPU
		{632E6195-4304-4C67-AABB-7CFC3F9086B6}.Release|Any CPU.ActiveCfg = Release|Any CPU
		{632E6195-4304-4C67-AABB-7CFC3F9086B6}.Release|Any CPU.Build.0 = Release|Any CPU
		{5597A485-4D9B-4CE6-A489-DEBE9338450F}.Debug|Any CPU.ActiveCfg = Debug|Any CPU
		{5597A485-4D9B-4CE6-A489-DEBE9338450F}.Debug|Any CPU.Build.0 = Debug|Any CPU
		{5597A485-4D9B-4CE6-A489-DEBE9338450F}.Release|Any CPU.ActiveCfg = Release|Any CPU
		{5597A485-4D9B-4CE6-A489-DEBE9338450F}.Release|Any CPU.Build.0 = Release|Any CPU
		{B262AD69-11F0-4AE0-949A-AEAA2300C061}.Debug|Any CPU.ActiveCfg = Debug|Any CPU
		{B262AD69-11F0-4AE0-949A-AEAA2300C061}.Debug|Any CPU.Build.0 = Debug|Any CPU
		{B262AD69-11F0-4AE0-949A-AEAA2300C061}.Release|Any CPU.ActiveCfg = Release|Any CPU
		{B262AD69-11F0-4AE0-949A-AEAA2300C061}.Release|Any CPU.Build.0 = Release|Any CPU
		{F8B33C59-27CF-45DC-955C-2EBF9DA9DB7E}.Debug|Any CPU.ActiveCfg = Debug|Any CPU
		{F8B33C59-27CF-45DC-955C-2EBF9DA9DB7E}.Debug|Any CPU.Build.0 = Debug|Any CPU
		{F8B33C59-27CF-45DC-955C-2EBF9DA9DB7E}.Release|Any CPU.ActiveCfg = Release|Any CPU
		{F8B33C59-27CF-45DC-955C-2EBF9DA9DB7E}.Release|Any CPU.Build.0 = Release|Any CPU
		{E97B37F2-F0CE-4718-96FA-83D9587D9C8F}.Debug|Any CPU.ActiveCfg = Debug|Any CPU
		{E97B37F2-F0CE-4718-96FA-83D9587D9C8F}.Debug|Any CPU.Build.0 = Debug|Any CPU
		{E97B37F2-F0CE-4718-96FA-83D9587D9C8F}.Release|Any CPU.ActiveCfg = Release|Any CPU
		{E97B37F2-F0CE-4718-96FA-83D9587D9C8F}.Release|Any CPU.Build.0 = Release|Any CPU
		{6C83077B-AF80-44BC-BA9F-D1E3264F321C}.Debug|Any CPU.ActiveCfg = Debug|Any CPU
		{6C83077B-AF80-44BC-BA9F-D1E3264F321C}.Debug|Any CPU.Build.0 = Debug|Any CPU
		{6C83077B-AF80-44BC-BA9F-D1E3264F321C}.Release|Any CPU.ActiveCfg = Release|Any CPU
		{6C83077B-AF80-44BC-BA9F-D1E3264F321C}.Release|Any CPU.Build.0 = Release|Any CPU
		{FA39AC22-0725-4532-A682-B054ADA5BDA2}.Debug|Any CPU.ActiveCfg = Debug|Any CPU
		{FA39AC22-0725-4532-A682-B054ADA5BDA2}.Debug|Any CPU.Build.0 = Debug|Any CPU
		{FA39AC22-0725-4532-A682-B054ADA5BDA2}.Release|Any CPU.ActiveCfg = Release|Any CPU
		{FA39AC22-0725-4532-A682-B054ADA5BDA2}.Release|Any CPU.Build.0 = Release|Any CPU
		{17055F45-E79A-41EF-825E-0B2211433729}.Debug|Any CPU.ActiveCfg = Debug|Any CPU
		{17055F45-E79A-41EF-825E-0B2211433729}.Debug|Any CPU.Build.0 = Debug|Any CPU
		{17055F45-E79A-41EF-825E-0B2211433729}.Release|Any CPU.ActiveCfg = Release|Any CPU
		{17055F45-E79A-41EF-825E-0B2211433729}.Release|Any CPU.Build.0 = Release|Any CPU
		{E4D9A131-DC4E-403F-A10F-65F5E5E42475}.Debug|Any CPU.ActiveCfg = Debug|Any CPU
		{E4D9A131-DC4E-403F-A10F-65F5E5E42475}.Debug|Any CPU.Build.0 = Debug|Any CPU
		{E4D9A131-DC4E-403F-A10F-65F5E5E42475}.Release|Any CPU.ActiveCfg = Release|Any CPU
		{E4D9A131-DC4E-403F-A10F-65F5E5E42475}.Release|Any CPU.Build.0 = Release|Any CPU
		{DFA4172D-7457-A613-E1D1-637955249FDF}.Debug|Any CPU.ActiveCfg = Debug|Any CPU
		{DFA4172D-7457-A613-E1D1-637955249FDF}.Debug|Any CPU.Build.0 = Debug|Any CPU
		{DFA4172D-7457-A613-E1D1-637955249FDF}.Release|Any CPU.ActiveCfg = Release|Any CPU
		{DFA4172D-7457-A613-E1D1-637955249FDF}.Release|Any CPU.Build.0 = Release|Any CPU
		{4FDC313D-1CF6-B330-3340-D3A2A4B729CE}.Debug|Any CPU.ActiveCfg = Debug|Any CPU
		{4FDC313D-1CF6-B330-3340-D3A2A4B729CE}.Debug|Any CPU.Build.0 = Debug|Any CPU
		{4FDC313D-1CF6-B330-3340-D3A2A4B729CE}.Release|Any CPU.ActiveCfg = Release|Any CPU
		{4FDC313D-1CF6-B330-3340-D3A2A4B729CE}.Release|Any CPU.Build.0 = Release|Any CPU
		{732062E0-EDD3-3CFC-1BA1-A10FA40D2622}.Debug|Any CPU.ActiveCfg = Debug|Any CPU
		{732062E0-EDD3-3CFC-1BA1-A10FA40D2622}.Debug|Any CPU.Build.0 = Debug|Any CPU
		{732062E0-EDD3-3CFC-1BA1-A10FA40D2622}.Release|Any CPU.ActiveCfg = Release|Any CPU
		{732062E0-EDD3-3CFC-1BA1-A10FA40D2622}.Release|Any CPU.Build.0 = Release|Any CPU
		{5715184D-1300-3618-330F-0E22ED7B1ADA}.Debug|Any CPU.ActiveCfg = Debug|Any CPU
		{5715184D-1300-3618-330F-0E22ED7B1ADA}.Debug|Any CPU.Build.0 = Debug|Any CPU
		{5715184D-1300-3618-330F-0E22ED7B1ADA}.Release|Any CPU.ActiveCfg = Release|Any CPU
		{5715184D-1300-3618-330F-0E22ED7B1ADA}.Release|Any CPU.Build.0 = Release|Any CPU
		{D3C37DE2-4669-7ECB-A0BD-822CC36A603F}.Debug|Any CPU.ActiveCfg = Debug|Any CPU
		{D3C37DE2-4669-7ECB-A0BD-822CC36A603F}.Debug|Any CPU.Build.0 = Debug|Any CPU
		{D3C37DE2-4669-7ECB-A0BD-822CC36A603F}.Release|Any CPU.ActiveCfg = Release|Any CPU
		{D3C37DE2-4669-7ECB-A0BD-822CC36A603F}.Release|Any CPU.Build.0 = Release|Any CPU
		{9CEBB587-18F1-D50F-52CB-2D9C879D0A89}.Debug|Any CPU.ActiveCfg = Debug|Any CPU
		{9CEBB587-18F1-D50F-52CB-2D9C879D0A89}.Debug|Any CPU.Build.0 = Debug|Any CPU
		{9CEBB587-18F1-D50F-52CB-2D9C879D0A89}.Release|Any CPU.ActiveCfg = Release|Any CPU
		{9CEBB587-18F1-D50F-52CB-2D9C879D0A89}.Release|Any CPU.Build.0 = Release|Any CPU
		{3765973D-97FF-B362-2867-ABE8473A7187}.Debug|Any CPU.ActiveCfg = Debug|Any CPU
		{3765973D-97FF-B362-2867-ABE8473A7187}.Debug|Any CPU.Build.0 = Debug|Any CPU
		{3765973D-97FF-B362-2867-ABE8473A7187}.Release|Any CPU.ActiveCfg = Release|Any CPU
		{3765973D-97FF-B362-2867-ABE8473A7187}.Release|Any CPU.Build.0 = Release|Any CPU
		{86814300-B764-EB1D-C84D-ADAEF46AE2D6}.Debug|Any CPU.ActiveCfg = Debug|Any CPU
		{86814300-B764-EB1D-C84D-ADAEF46AE2D6}.Debug|Any CPU.Build.0 = Debug|Any CPU
		{86814300-B764-EB1D-C84D-ADAEF46AE2D6}.Release|Any CPU.ActiveCfg = Release|Any CPU
		{86814300-B764-EB1D-C84D-ADAEF46AE2D6}.Release|Any CPU.Build.0 = Release|Any CPU
		{C933B132-CA96-B90E-C0C4-4E66251997D4}.Debug|Any CPU.ActiveCfg = Debug|Any CPU
		{C933B132-CA96-B90E-C0C4-4E66251997D4}.Debug|Any CPU.Build.0 = Debug|Any CPU
		{C933B132-CA96-B90E-C0C4-4E66251997D4}.Release|Any CPU.ActiveCfg = Release|Any CPU
		{C933B132-CA96-B90E-C0C4-4E66251997D4}.Release|Any CPU.Build.0 = Release|Any CPU
		{1BAA2EA3-D65E-9A62-83DA-2F5A7CBC377A}.Debug|Any CPU.ActiveCfg = Debug|Any CPU
		{1BAA2EA3-D65E-9A62-83DA-2F5A7CBC377A}.Debug|Any CPU.Build.0 = Debug|Any CPU
		{1BAA2EA3-D65E-9A62-83DA-2F5A7CBC377A}.Release|Any CPU.ActiveCfg = Release|Any CPU
		{1BAA2EA3-D65E-9A62-83DA-2F5A7CBC377A}.Release|Any CPU.Build.0 = Release|Any CPU
		{3D9D340C-E529-03EC-30B6-2BE0E5C59B5C}.Debug|Any CPU.ActiveCfg = Debug|Any CPU
		{3D9D340C-E529-03EC-30B6-2BE0E5C59B5C}.Debug|Any CPU.Build.0 = Debug|Any CPU
		{3D9D340C-E529-03EC-30B6-2BE0E5C59B5C}.Release|Any CPU.ActiveCfg = Release|Any CPU
		{3D9D340C-E529-03EC-30B6-2BE0E5C59B5C}.Release|Any CPU.Build.0 = Release|Any CPU
		{66762DAD-7371-5788-D93C-15E0C38463AC}.Debug|Any CPU.ActiveCfg = Debug|Any CPU
		{66762DAD-7371-5788-D93C-15E0C38463AC}.Debug|Any CPU.Build.0 = Debug|Any CPU
		{66762DAD-7371-5788-D93C-15E0C38463AC}.Release|Any CPU.ActiveCfg = Release|Any CPU
		{66762DAD-7371-5788-D93C-15E0C38463AC}.Release|Any CPU.Build.0 = Release|Any CPU
		{40CD644D-3035-EC55-1DC4-D27A21AF979E}.Debug|Any CPU.ActiveCfg = Debug|Any CPU
		{40CD644D-3035-EC55-1DC4-D27A21AF979E}.Debug|Any CPU.Build.0 = Debug|Any CPU
		{40CD644D-3035-EC55-1DC4-D27A21AF979E}.Release|Any CPU.ActiveCfg = Release|Any CPU
		{40CD644D-3035-EC55-1DC4-D27A21AF979E}.Release|Any CPU.Build.0 = Release|Any CPU
		{F44780F7-551C-E783-2931-EE3C3B5B380D}.Debug|Any CPU.ActiveCfg = Debug|Any CPU
		{F44780F7-551C-E783-2931-EE3C3B5B380D}.Debug|Any CPU.Build.0 = Debug|Any CPU
		{F44780F7-551C-E783-2931-EE3C3B5B380D}.Release|Any CPU.ActiveCfg = Release|Any CPU
		{F44780F7-551C-E783-2931-EE3C3B5B380D}.Release|Any CPU.Build.0 = Release|Any CPU
		{6C3B0EEA-CDD2-D218-9767-4A5E923F295A}.Debug|Any CPU.ActiveCfg = Debug|Any CPU
		{6C3B0EEA-CDD2-D218-9767-4A5E923F295A}.Debug|Any CPU.Build.0 = Debug|Any CPU
		{6C3B0EEA-CDD2-D218-9767-4A5E923F295A}.Release|Any CPU.ActiveCfg = Release|Any CPU
		{6C3B0EEA-CDD2-D218-9767-4A5E923F295A}.Release|Any CPU.Build.0 = Release|Any CPU
		{64B09008-C9CB-BAEC-2AE1-616E6BE9880B}.Debug|Any CPU.ActiveCfg = Debug|Any CPU
		{64B09008-C9CB-BAEC-2AE1-616E6BE9880B}.Debug|Any CPU.Build.0 = Debug|Any CPU
		{64B09008-C9CB-BAEC-2AE1-616E6BE9880B}.Release|Any CPU.ActiveCfg = Release|Any CPU
		{64B09008-C9CB-BAEC-2AE1-616E6BE9880B}.Release|Any CPU.Build.0 = Release|Any CPU
		{D08809BC-D4C3-F7C8-1C00-151CA8C6E504}.Debug|Any CPU.ActiveCfg = Debug|Any CPU
		{D08809BC-D4C3-F7C8-1C00-151CA8C6E504}.Debug|Any CPU.Build.0 = Debug|Any CPU
		{D08809BC-D4C3-F7C8-1C00-151CA8C6E504}.Release|Any CPU.ActiveCfg = Release|Any CPU
		{D08809BC-D4C3-F7C8-1C00-151CA8C6E504}.Release|Any CPU.Build.0 = Release|Any CPU
		{0D10989D-058E-5684-7828-C5A12A0DC0C2}.Debug|Any CPU.ActiveCfg = Debug|Any CPU
		{0D10989D-058E-5684-7828-C5A12A0DC0C2}.Debug|Any CPU.Build.0 = Debug|Any CPU
		{0D10989D-058E-5684-7828-C5A12A0DC0C2}.Release|Any CPU.ActiveCfg = Release|Any CPU
		{0D10989D-058E-5684-7828-C5A12A0DC0C2}.Release|Any CPU.Build.0 = Release|Any CPU
		{B955861A-DDDE-0D3F-B0AC-3D6CAA95A0A5}.Debug|Any CPU.ActiveCfg = Debug|Any CPU
		{B955861A-DDDE-0D3F-B0AC-3D6CAA95A0A5}.Debug|Any CPU.Build.0 = Debug|Any CPU
		{B955861A-DDDE-0D3F-B0AC-3D6CAA95A0A5}.Release|Any CPU.ActiveCfg = Release|Any CPU
		{B955861A-DDDE-0D3F-B0AC-3D6CAA95A0A5}.Release|Any CPU.Build.0 = Release|Any CPU
		{16A9239C-ADC1-B9FA-8C50-081E2A420B5B}.Debug|Any CPU.ActiveCfg = Debug|Any CPU
		{16A9239C-ADC1-B9FA-8C50-081E2A420B5B}.Debug|Any CPU.Build.0 = Debug|Any CPU
		{16A9239C-ADC1-B9FA-8C50-081E2A420B5B}.Release|Any CPU.ActiveCfg = Release|Any CPU
		{16A9239C-ADC1-B9FA-8C50-081E2A420B5B}.Release|Any CPU.Build.0 = Release|Any CPU
		{90FE21BE-F292-A973-D281-9D4DC81CEB6F}.Debug|Any CPU.ActiveCfg = Debug|Any CPU
		{90FE21BE-F292-A973-D281-9D4DC81CEB6F}.Debug|Any CPU.Build.0 = Debug|Any CPU
		{90FE21BE-F292-A973-D281-9D4DC81CEB6F}.Release|Any CPU.ActiveCfg = Release|Any CPU
		{90FE21BE-F292-A973-D281-9D4DC81CEB6F}.Release|Any CPU.Build.0 = Release|Any CPU
		{6ECA1F1C-214B-BB97-27D7-319C7F1AD90F}.Debug|Any CPU.ActiveCfg = Debug|Any CPU
		{6ECA1F1C-214B-BB97-27D7-319C7F1AD90F}.Debug|Any CPU.Build.0 = Debug|Any CPU
		{6ECA1F1C-214B-BB97-27D7-319C7F1AD90F}.Release|Any CPU.ActiveCfg = Release|Any CPU
		{6ECA1F1C-214B-BB97-27D7-319C7F1AD90F}.Release|Any CPU.Build.0 = Release|Any CPU
		{7A244BE9-B12E-424F-A1F1-E386C43BF0A9}.Debug|Any CPU.ActiveCfg = Debug|Any CPU
		{7A244BE9-B12E-424F-A1F1-E386C43BF0A9}.Debug|Any CPU.Build.0 = Debug|Any CPU
		{7A244BE9-B12E-424F-A1F1-E386C43BF0A9}.Release|Any CPU.ActiveCfg = Release|Any CPU
		{7A244BE9-B12E-424F-A1F1-E386C43BF0A9}.Release|Any CPU.Build.0 = Release|Any CPU
		{904FF6F2-0322-9B85-7FBA-C512196D72C2}.Debug|Any CPU.ActiveCfg = Debug|Any CPU
		{904FF6F2-0322-9B85-7FBA-C512196D72C2}.Debug|Any CPU.Build.0 = Debug|Any CPU
		{904FF6F2-0322-9B85-7FBA-C512196D72C2}.Release|Any CPU.ActiveCfg = Release|Any CPU
		{904FF6F2-0322-9B85-7FBA-C512196D72C2}.Release|Any CPU.Build.0 = Release|Any CPU
		{C46D1D06-58B3-4414-B128-82E728F3A264}.Debug|Any CPU.ActiveCfg = Debug|Any CPU
		{C46D1D06-58B3-4414-B128-82E728F3A264}.Debug|Any CPU.Build.0 = Debug|Any CPU
		{C46D1D06-58B3-4414-B128-82E728F3A264}.Release|Any CPU.ActiveCfg = Release|Any CPU
		{C46D1D06-58B3-4414-B128-82E728F3A264}.Release|Any CPU.Build.0 = Release|Any CPU
	EndGlobalSection
	GlobalSection(SolutionProperties) = preSolution
		HideSolutionNode = FALSE
	EndGlobalSection
	GlobalSection(NestedProjects) = preSolution
		{55C1BBE0-B922-46B0-8F2C-8472BC9A5F33} = {F9DB9323-C919-49E8-8F96-B923D2F42E60}
		{DA28CCAB-3C88-46F1-B779-43C573ED49E5} = {A1BDA50C-D70B-416C-97F1-74B0649797C5}
		{23036CE4-A4D7-4A42-868A-1FB5211A41F0} = {A1BDA50C-D70B-416C-97F1-74B0649797C5}
		{A01BA50E-E4C8-4EEA-A4E2-C2312BC6B02E} = {F9DB9323-C919-49E8-8F96-B923D2F42E60}
		{26FC1002-759D-4086-A694-DA15927B6BA0} = {A1BDA50C-D70B-416C-97F1-74B0649797C5}
		{6931FEFB-DC18-4B3F-8AFC-EDA03063A518} = {F9DB9323-C919-49E8-8F96-B923D2F42E60}
		{632E6195-4304-4C67-AABB-7CFC3F9086B6} = {F9DB9323-C919-49E8-8F96-B923D2F42E60}
		{3A71E8B4-7E40-4326-B5FC-0CFA30A388D1} = {95915611-30BF-4AFF-AE41-5CDC6F57DCF7}
		{4ED7A31C-8DBE-4A32-A17A-D72794F9FE2C} = {95915611-30BF-4AFF-AE41-5CDC6F57DCF7}
		{5597A485-4D9B-4CE6-A489-DEBE9338450F} = {4ED7A31C-8DBE-4A32-A17A-D72794F9FE2C}
		{B262AD69-11F0-4AE0-949A-AEAA2300C061} = {4ED7A31C-8DBE-4A32-A17A-D72794F9FE2C}
		{F8B33C59-27CF-45DC-955C-2EBF9DA9DB7E} = {4ED7A31C-8DBE-4A32-A17A-D72794F9FE2C}
		{03E4CEAB-D845-402A-9311-F7390B24BA2A} = {95915611-30BF-4AFF-AE41-5CDC6F57DCF7}
		{E97B37F2-F0CE-4718-96FA-83D9587D9C8F} = {03E4CEAB-D845-402A-9311-F7390B24BA2A}
		{6C83077B-AF80-44BC-BA9F-D1E3264F321C} = {03E4CEAB-D845-402A-9311-F7390B24BA2A}
		{FA39AC22-0725-4532-A682-B054ADA5BDA2} = {03E4CEAB-D845-402A-9311-F7390B24BA2A}
		{17055F45-E79A-41EF-825E-0B2211433729} = {A1BDA50C-D70B-416C-97F1-74B0649797C5}
		{E4D9A131-DC4E-403F-A10F-65F5E5E42475} = {A1BDA50C-D70B-416C-97F1-74B0649797C5}
		{DFA4172D-7457-A613-E1D1-637955249FDF} = {A1BDA50C-D70B-416C-97F1-74B0649797C5}
		{4FDC313D-1CF6-B330-3340-D3A2A4B729CE} = {03E4CEAB-D845-402A-9311-F7390B24BA2A}
		{732062E0-EDD3-3CFC-1BA1-A10FA40D2622} = {4ED7A31C-8DBE-4A32-A17A-D72794F9FE2C}
		{02EA681E-C7D8-13C7-8484-4AC65E1B71E8} = {95915611-30BF-4AFF-AE41-5CDC6F57DCF7}
		{5715184D-1300-3618-330F-0E22ED7B1ADA} = {02EA681E-C7D8-13C7-8484-4AC65E1B71E8}
		{D3C37DE2-4669-7ECB-A0BD-822CC36A603F} = {02EA681E-C7D8-13C7-8484-4AC65E1B71E8}
		{9CEBB587-18F1-D50F-52CB-2D9C879D0A89} = {02EA681E-C7D8-13C7-8484-4AC65E1B71E8}
		{BF9F500C-F164-42B1-B593-2629E82F5B7D} = {95915611-30BF-4AFF-AE41-5CDC6F57DCF7}
		{3765973D-97FF-B362-2867-ABE8473A7187} = {BF9F500C-F164-42B1-B593-2629E82F5B7D}
		{86814300-B764-EB1D-C84D-ADAEF46AE2D6} = {BF9F500C-F164-42B1-B593-2629E82F5B7D}
		{C933B132-CA96-B90E-C0C4-4E66251997D4} = {BF9F500C-F164-42B1-B593-2629E82F5B7D}
		{1BAA2EA3-D65E-9A62-83DA-2F5A7CBC377A} = {3A71E8B4-7E40-4326-B5FC-0CFA30A388D1}
		{3D9D340C-E529-03EC-30B6-2BE0E5C59B5C} = {3A71E8B4-7E40-4326-B5FC-0CFA30A388D1}
		{66762DAD-7371-5788-D93C-15E0C38463AC} = {3A71E8B4-7E40-4326-B5FC-0CFA30A388D1}
		{87516E0D-8F1C-4788-AEBD-65A98775CF8F} = {95915611-30BF-4AFF-AE41-5CDC6F57DCF7}
		{40CD644D-3035-EC55-1DC4-D27A21AF979E} = {87516E0D-8F1C-4788-AEBD-65A98775CF8F}
		{F44780F7-551C-E783-2931-EE3C3B5B380D} = {87516E0D-8F1C-4788-AEBD-65A98775CF8F}
		{6C3B0EEA-CDD2-D218-9767-4A5E923F295A} = {87516E0D-8F1C-4788-AEBD-65A98775CF8F}
		{AC29CA1D-A850-4C29-B27D-C23BAF3D664C} = {95915611-30BF-4AFF-AE41-5CDC6F57DCF7}
		{64B09008-C9CB-BAEC-2AE1-616E6BE9880B} = {AC29CA1D-A850-4C29-B27D-C23BAF3D664C}
		{D08809BC-D4C3-F7C8-1C00-151CA8C6E504} = {95915611-30BF-4AFF-AE41-5CDC6F57DCF7}
		{0D10989D-058E-5684-7828-C5A12A0DC0C2} = {F9DB9323-C919-49E8-8F96-B923D2F42E60}
		{B955861A-DDDE-0D3F-B0AC-3D6CAA95A0A5} = {F9DB9323-C919-49E8-8F96-B923D2F42E60}
		{012BEA62-0FF1-472E-AD5F-0D2029336701} = {95915611-30BF-4AFF-AE41-5CDC6F57DCF7}
		{16A9239C-ADC1-B9FA-8C50-081E2A420B5B} = {012BEA62-0FF1-472E-AD5F-0D2029336701}
		{90FE21BE-F292-A973-D281-9D4DC81CEB6F} = {012BEA62-0FF1-472E-AD5F-0D2029336701}
		{6ECA1F1C-214B-BB97-27D7-319C7F1AD90F} = {012BEA62-0FF1-472E-AD5F-0D2029336701}
		{7A244BE9-B12E-424F-A1F1-E386C43BF0A9} = {F9DB9323-C919-49E8-8F96-B923D2F42E60}
		{904FF6F2-0322-9B85-7FBA-C512196D72C2} = {F9DB9323-C919-49E8-8F96-B923D2F42E60}
		{C46D1D06-58B3-4414-B128-82E728F3A264} = {F9DB9323-C919-49E8-8F96-B923D2F42E60}
	EndGlobalSection
	GlobalSection(ExtensibilityGlobals) = postSolution
		SolutionGuid = {DABA3C65-9D74-4EB6-9B1C-730328710EAD}
	EndGlobalSection
EndGlobal
